
Microsoft Visual Studio Solution File, Format Version 12.00
# Visual Studio Version 17
VisualStudioVersion = 17.8.34511.84
MinimumVisualStudioVersion = 10.0.40219.1
Project("{9A19103F-16F7-4668-BE54-9A1E7A4F7556}") = "LBW", "LBW\LBW.csproj", "{C64482A4-67F6-47A6-9464-B5F0E71BD0F0}"
EndProject
Project("{2150E333-8FDC-42A3-9474-1A3956D46DE8}") = "DevExtreme NuGet.config", "DevExtreme NuGet.config", "{139F3E56-EBEB-4500-B101-995F9BCAE3AB}"
	ProjectSection(SolutionItems) = preProject
		NuGet.config = NuGet.config
	EndProjectSection
EndProject
Global
	GlobalSection(SolutionConfigurationPlatforms) = preSolution
		Debug|Any CPU = Debug|Any CPU
		Release|Any CPU = Release|Any CPU
	EndGlobalSection
	GlobalSection(ProjectConfigurationPlatforms) = postSolution
		{C64482A4-67F6-47A6-9464-B5F0E71BD0F0}.Debug|Any CPU.ActiveCfg = Debug|Any CPU
		{C64482A4-67F6-47A6-9464-B5F0E71BD0F0}.Debug|Any CPU.Build.0 = Debug|Any CPU
		{C64482A4-67F6-47A6-9464-B5F0E71BD0F0}.Release|Any CPU.ActiveCfg = Release|Any CPU
		{C64482A4-67F6-47A6-9464-B5F0E71BD0F0}.Release|Any CPU.Build.0 = Release|Any CPU
	EndGlobalSection
	GlobalSection(SolutionProperties) = preSolution
		HideSolutionNode = FALSE
	EndGlobalSection
	GlobalSection(ExtensibilityGlobals) = postSolution
		SolutionGuid = {3395EE43-5728-46DA-9045-ABEF98F8B73A}
	EndGlobalSection
EndGlobal
